
Microsoft Visual Studio Solution File, Format Version 12.00
# Visual Studio 15
VisualStudioVersion = 15.0.28307.1145
MinimumVisualStudioVersion = 10.0.40219.1
Project("{D2ABAB84-BF74-430A-B69E-9DC6D40DDA17}") = "ProyectoHospital", "ProyectoHospital\ProyectoHospital.dwproj", "{E64BF7A1-3AAC-4C7A-A2E0-9A7329BAA8AE}"
EndProject
Global
	GlobalSection(SolutionConfigurationPlatforms) = preSolution
		Development|Default = Development|Default
	EndGlobalSection
	GlobalSection(ProjectConfigurationPlatforms) = postSolution
		{E64BF7A1-3AAC-4C7A-A2E0-9A7329BAA8AE}.Development|Default.ActiveCfg = Development
		{E64BF7A1-3AAC-4C7A-A2E0-9A7329BAA8AE}.Development|Default.Build.0 = Development
		{E64BF7A1-3AAC-4C7A-A2E0-9A7329BAA8AE}.Development|Default.Deploy.0 = Development
	EndGlobalSection
	GlobalSection(SolutionProperties) = preSolution
		HideSolutionNode = FALSE
	EndGlobalSection
	GlobalSection(ExtensibilityGlobals) = postSolution
		SolutionGuid = {E143861C-1D12-42E3-BA10-E90A2E8A0F55}
	EndGlobalSection
EndGlobal
